
Microsoft Visual Studio Solution File, Format Version 12.00
# Visual Studio Version 17
VisualStudioVersion = 17.6.33829.357
MinimumVisualStudioVersion = 10.0.40219.1
Project("{FAE04EC0-301F-11D3-BF4B-00C04F79EFBC}") = "GITCONSOLETEST", "GITCONSOLETEST.csproj", "{8A04F358-A0FA-404B-83CA-16A48AEA9B63}"
EndProject
Global
	GlobalSection(SolutionConfigurationPlatforms) = preSolution
		Debug|Any CPU = Debug|Any CPU
		Release|Any CPU = Release|Any CPU
	EndGlobalSection
	GlobalSection(ProjectConfigurationPlatforms) = postSolution
		{8A04F358-A0FA-404B-83CA-16A48AEA9B63}.Debug|Any CPU.ActiveCfg = Debug|Any CPU
		{8A04F358-A0FA-404B-83CA-16A48AEA9B63}.Debug|Any CPU.Build.0 = Debug|Any CPU
		{8A04F358-A0FA-404B-83CA-16A48AEA9B63}.Release|Any CPU.ActiveCfg = Release|Any CPU
		{8A04F358-A0FA-404B-83CA-16A48AEA9B63}.Release|Any CPU.Build.0 = Release|Any CPU
	EndGlobalSection
	GlobalSection(SolutionProperties) = preSolution
		HideSolutionNode = FALSE
	EndGlobalSection
	GlobalSection(ExtensibilityGlobals) = postSolution
		SolutionGuid = {0FA6CC59-1CC8-404D-B40C-00F5C6DACD4A}
	EndGlobalSection
EndGlobal
